Microsoft Visual Studio Solution File, Format Version 12.00
# Visual Studio Version 17
VisualStudioVersion = 17.5.2.0
MinimumVisualStudioVersion = 10.0.40219.1
Project("{2150E333-8FDC-42A3-9474-1A3956D46DE8}") = "03-dotnet-ci", "03-dotnet-ci", "{7EEB15BD-A447-37B1-CFE2-92059B6CE3EF}"
EndProject
Project("{FAE04EC0-301F-11D3-BF4B-00C04F79EFBC}") = "DotnetApp", "03-dotnet-ci\DotnetApp\DotnetApp.csproj", "{19D0B88F-BB28-07FC-5598-7911583C0452}"
EndProject
Global
	GlobalSection(SolutionConfigurationPlatforms) = preSolution
		Debug|Any CPU = Debug|Any CPU
		Release|Any CPU = Release|Any CPU
	EndGlobalSection
	GlobalSection(ProjectConfigurationPlatforms) = postSolution
		{19D0B88F-BB28-07FC-5598-7911583C0452}.Debug|Any CPU.ActiveCfg = Debug|Any CPU
		{19D0B88F-BB28-07FC-5598-7911583C0452}.Debug|Any CPU.Build.0 = Debug|Any CPU
		{19D0B88F-BB28-07FC-5598-7911583C0452}.Release|Any CPU.ActiveCfg = Release|Any CPU
		{19D0B88F-BB28-07FC-5598-7911583C0452}.Release|Any CPU.Build.0 = Release|Any CPU
	EndGlobalSection
	GlobalSection(SolutionProperties) = preSolution
		HideSolutionNode = FALSE
	EndGlobalSection
	GlobalSection(NestedProjects) = preSolution
		{19D0B88F-BB28-07FC-5598-7911583C0452} = {7EEB15BD-A447-37B1-CFE2-92059B6CE3EF}
	EndGlobalSection
	GlobalSection(ExtensibilityGlobals) = postSolution
		SolutionGuid = {EDF15332-BE8C-4FA3-AFA1-7A828F9EEE92}
	EndGlobalSection
EndGlobal
