
Microsoft Visual Studio Solution File, Format Version 12.00
# Visual Studio Version 17
VisualStudioVersion = 17.0.31903.59
MinimumVisualStudioVersion = 10.0.40219.1
Project("{FAE04EC0-301F-11D3-BF4B-00C04F79EFBC}") = "DotnetApp", "DotnetApp\DotnetApp.csproj", "{5E399DF5-4F57-481D-A47D-E8C6C6353C30}"
EndProject
Project("{FAE04EC0-301F-11D3-BF4B-00C04F79EFBC}") = "DotnetApp.Tests", "DotnetApp.Tests\DotnetApp.Tests.csproj", "{F2468574-8456-4123-8325-176D6A7EC4E3}"
EndProject
Global
	GlobalSection(SolutionConfigurationPlatforms) = preSolution
		Debug|Any CPU = Debug|Any CPU
		Release|Any CPU = Release|Any CPU
	EndGlobalSection
	GlobalSection(SolutionProperties) = preSolution
		HideSolutionNode = FALSE
	EndGlobalSection
	GlobalSection(ProjectConfigurationPlatforms) = postSolution
		{5E399DF5-4F57-481D-A47D-E8C6C6353C30}.Debug|Any CPU.ActiveCfg = Debug|Any CPU
		{5E399DF5-4F57-481D-A47D-E8C6C6353C30}.Debug|Any CPU.Build.0 = Debug|Any CPU
		{5E399DF5-4F57-481D-A47D-E8C6C6353C30}.Release|Any CPU.ActiveCfg = Release|Any CPU
		{5E399DF5-4F57-481D-A47D-E8C6C6353C30}.Release|Any CPU.Build.0 = Release|Any CPU
		{F2468574-8456-4123-8325-176D6A7EC4E3}.Debug|Any CPU.ActiveCfg = Debug|Any CPU
		{F2468574-8456-4123-8325-176D6A7EC4E3}.Debug|Any CPU.Build.0 = Debug|Any CPU
		{F2468574-8456-4123-8325-176D6A7EC4E3}.Release|Any CPU.ActiveCfg = Release|Any CPU
		{F2468574-8456-4123-8325-176D6A7EC4E3}.Release|Any CPU.Build.0 = Release|Any CPU
	EndGlobalSection
EndGlobal
